{
  "name": "typescript-cookie-typescript-setup-example",
  "version": "1.0.0",
  "lockfileVersion": 2,
  "requires": true,
  "packages": {
    "": {
      "name": "typescript-cookie-typescript-setup-example",
      "version": "1.0.0",
      "license": "ISC",
      "dependencies": {
        "typescript-cookie": "1.0.2"
      }
    },
    "node_modules/typescript-cookie": {
      "version": "1.0.2",
      "resolved": "https://registry.npmjs.org/typescript-cookie/-/typescript-cookie-1.0.2.tgz",
      "integrity": "sha512-98hD25jTxF0Rbt+AeKOzT6AjasnixhYLzpq846YXXZoBgeXrNA8/WZV1mqCXG+9G9wOLoyjsZYau9S4vwhHQ0Q==",
      "engines": {
        "node": ">=14"
      }
    }
  },
  "dependencies": {
    "typescript-cookie": {
      "version": "1.0.2",
      "resolved": "https://registry.npmjs.org/typescript-cookie/-/typescript-cookie-1.0.2.tgz",
      "integrity": "sha512-98hD25jTxF0Rbt+AeKOzT6AjasnixhYLzpq846YXXZoBgeXrNA8/WZV1mqCXG+9G9wOLoyjsZYau9S4vwhHQ0Q=="
    }
  }
}
